
Microsoft Visual Studio Solution File, Format Version 12.00
# Visual Studio Version 17
VisualStudioVersion = 17.0.31717.71
MinimumVisualStudioVersion = 10.0.40219.1
Project("{9A19103F-16F7-4668-BE54-9A1E7A4F7556}") = "ImageOverlay", "ImageOverlay\ImageOverlay.csproj", "{132D1CED-A589-4516-B456-BED1F9B08748}"
EndProject
Global
	GlobalSection(SolutionConfigurationPlatforms) = preSolution
		Debug|Any CPU = Debug|Any CPU
		Release|Any CPU = Release|Any CPU
	EndGlobalSection
	GlobalSection(ProjectConfigurationPlatforms) = postSolution
		{132D1CED-A589-4516-B456-BED1F9B08748}.Debug|Any CPU.ActiveCfg = Debug|Any CPU
		{132D1CED-A589-4516-B456-BED1F9B08748}.Debug|Any CPU.Build.0 = Debug|Any CPU
		{132D1CED-A589-4516-B456-BED1F9B08748}.Release|Any CPU.ActiveCfg = Release|Any CPU
		{132D1CED-A589-4516-B456-BED1F9B08748}.Release|Any CPU.Build.0 = Release|Any CPU
	EndGlobalSection
	GlobalSection(SolutionProperties) = preSolution
		HideSolutionNode = FALSE
	EndGlobalSection
	GlobalSection(ExtensibilityGlobals) = postSolution
		SolutionGuid = {2D4E5BD1-6615-4073-9509-007623EC1063}
	EndGlobalSection
EndGlobal
